
Microsoft Visual Studio Solution File, Format Version 12.00
# Visual Studio Version 17
VisualStudioVersion = 17.0.31903.59
MinimumVisualStudioVersion = 10.0.40219.1
Project("{2150E333-8FDC-42A3-9474-1A3956D46DE8}") = "src", "src", "{827E0CD3-B72D-47B6-A68D-7590B98EB39B}"
EndProject
Project("{2150E333-8FDC-42A3-9474-1A3956D46DE8}") = "gui", "gui", "{959DA961-515C-2AF9-5B2C-594145F24953}"
EndProject
Project("{FAE04EC0-301F-11D3-BF4B-00C04F79EFBC}") = "DimensionManagement", "src\gui\DimensionManagement\DimensionManagement.csproj", "{82045D18-14F0-4AF3-9E39-48CEA8AE3445}"
EndProject
Project("{2150E333-8FDC-42A3-9474-1A3956D46DE8}") = "core", "core", "{8D626EA8-CB54-BC41-363A-217881BEBA6E}"
EndProject
Project("{FAE04EC0-301F-11D3-BF4B-00C04F79EFBC}") = "PEMetrics.DataApi", "src\core\PEMetrics.DataApi\PEMetrics.DataApi.csproj", "{F3475D22-5137-48A1-83E7-0F497F78DB03}"
EndProject
Project("{2150E333-8FDC-42A3-9474-1A3956D46DE8}") = "adapters", "adapters", "{3E9C3776-17C9-28DE-3735-A8B9F121C183}"
EndProject
Project("{FAE04EC0-301F-11D3-BF4B-00C04F79EFBC}") = "PEMetrics.ProductionStore", "src\adapters\PEMetrics.ProductionStore\PEMetrics.ProductionStore.csproj", "{A0952C08-E34F-49D6-A5F2-4825FCA0D817}"
EndProject
Project("{FAE04EC0-301F-11D3-BF4B-00C04F79EFBC}") = "PEMetrics.DataCache", "src\adapters\PEMetrics.DataCache\PEMetrics.DataCache.csproj", "{05991A0F-589A-422B-9393-C2AE37FA7D5E}"
EndProject
Global
	GlobalSection(SolutionConfigurationPlatforms) = preSolution
		Debug|Any CPU = Debug|Any CPU
		Debug|x64 = Debug|x64
		Debug|x86 = Debug|x86
		Release|Any CPU = Release|Any CPU
		Release|x64 = Release|x64
		Release|x86 = Release|x86
	EndGlobalSection
	GlobalSection(ProjectConfigurationPlatforms) = postSolution
		{82045D18-14F0-4AF3-9E39-48CEA8AE3445}.Debug|Any CPU.ActiveCfg = Debug|Any CPU
		{82045D18-14F0-4AF3-9E39-48CEA8AE3445}.Debug|Any CPU.Build.0 = Debug|Any CPU
		{82045D18-14F0-4AF3-9E39-48CEA8AE3445}.Debug|x64.ActiveCfg = Debug|Any CPU
		{82045D18-14F0-4AF3-9E39-48CEA8AE3445}.Debug|x64.Build.0 = Debug|Any CPU
		{82045D18-14F0-4AF3-9E39-48CEA8AE3445}.Debug|x86.ActiveCfg = Debug|Any CPU
		{82045D18-14F0-4AF3-9E39-48CEA8AE3445}.Debug|x86.Build.0 = Debug|Any CPU
		{82045D18-14F0-4AF3-9E39-48CEA8AE3445}.Release|Any CPU.ActiveCfg = Release|Any CPU
		{82045D18-14F0-4AF3-9E39-48CEA8AE3445}.Release|Any CPU.Build.0 = Release|Any CPU
		{82045D18-14F0-4AF3-9E39-48CEA8AE3445}.Release|x64.ActiveCfg = Release|Any CPU
		{82045D18-14F0-4AF3-9E39-48CEA8AE3445}.Release|x64.Build.0 = Release|Any CPU
		{82045D18-14F0-4AF3-9E39-48CEA8AE3445}.Release|x86.ActiveCfg = Release|Any CPU
		{82045D18-14F0-4AF3-9E39-48CEA8AE3445}.Release|x86.Build.0 = Release|Any CPU
		{F3475D22-5137-48A1-83E7-0F497F78DB03}.Debug|Any CPU.ActiveCfg = Debug|Any CPU
		{F3475D22-5137-48A1-83E7-0F497F78DB03}.Debug|Any CPU.Build.0 = Debug|Any CPU
		{F3475D22-5137-48A1-83E7-0F497F78DB03}.Debug|x64.ActiveCfg = Debug|Any CPU
		{F3475D22-5137-48A1-83E7-0F497F78DB03}.Debug|x64.Build.0 = Debug|Any CPU
		{F3475D22-5137-48A1-83E7-0F497F78DB03}.Debug|x86.ActiveCfg = Debug|Any CPU
		{F3475D22-5137-48A1-83E7-0F497F78DB03}.Debug|x86.Build.0 = Debug|Any CPU
		{F3475D22-5137-48A1-83E7-0F497F78DB03}.Release|Any CPU.ActiveCfg = Release|Any CPU
		{F3475D22-5137-48A1-83E7-0F497F78DB03}.Release|Any CPU.Build.0 = Release|Any CPU
		{F3475D22-5137-48A1-83E7-0F497F78DB03}.Release|x64.ActiveCfg = Release|Any CPU
		{F3475D22-5137-48A1-83E7-0F497F78DB03}.Release|x64.Build.0 = Release|Any CPU
		{F3475D22-5137-48A1-83E7-0F497F78DB03}.Release|x86.ActiveCfg = Release|Any CPU
		{F3475D22-5137-48A1-83E7-0F497F78DB03}.Release|x86.Build.0 = Release|Any CPU
		{A0952C08-E34F-49D6-A5F2-4825FCA0D817}.Debug|Any CPU.ActiveCfg = Debug|Any CPU
		{A0952C08-E34F-49D6-A5F2-4825FCA0D817}.Debug|Any CPU.Build.0 = Debug|Any CPU
		{A0952C08-E34F-49D6-A5F2-4825FCA0D817}.Debug|x64.ActiveCfg = Debug|Any CPU
		{A0952C08-E34F-49D6-A5F2-4825FCA0D817}.Debug|x64.Build.0 = Debug|Any CPU
		{A0952C08-E34F-49D6-A5F2-4825FCA0D817}.Debug|x86.ActiveCfg = Debug|Any CPU
		{A0952C08-E34F-49D6-A5F2-4825FCA0D817}.Debug|x86.Build.0 = Debug|Any CPU
		{A0952C08-E34F-49D6-A5F2-4825FCA0D817}.Release|Any CPU.ActiveCfg = Release|Any CPU
		{A0952C08-E34F-49D6-A5F2-4825FCA0D817}.Release|Any CPU.Build.0 = Release|Any CPU
		{A0952C08-E34F-49D6-A5F2-4825FCA0D817}.Release|x64.ActiveCfg = Release|Any CPU
		{A0952C08-E34F-49D6-A5F2-4825FCA0D817}.Release|x64.Build.0 = Release|Any CPU
		{A0952C08-E34F-49D6-A5F2-4825FCA0D817}.Release|x86.ActiveCfg = Release|Any CPU
		{A0952C08-E34F-49D6-A5F2-4825FCA0D817}.Release|x86.Build.0 = Release|Any CPU
		{05991A0F-589A-422B-9393-C2AE37FA7D5E}.Debug|Any CPU.ActiveCfg = Debug|Any CPU
		{05991A0F-589A-422B-9393-C2AE37FA7D5E}.Debug|Any CPU.Build.0 = Debug|Any CPU
		{05991A0F-589A-422B-9393-C2AE37FA7D5E}.Debug|x64.ActiveCfg = Debug|Any CPU
		{05991A0F-589A-422B-9393-C2AE37FA7D5E}.Debug|x64.Build.0 = Debug|Any CPU
		{05991A0F-589A-422B-9393-C2AE37FA7D5E}.Debug|x86.ActiveCfg = Debug|Any CPU
		{05991A0F-589A-422B-9393-C2AE37FA7D5E}.Debug|x86.Build.0 = Debug|Any CPU
		{05991A0F-589A-422B-9393-C2AE37FA7D5E}.Release|Any CPU.ActiveCfg = Release|Any CPU
		{05991A0F-589A-422B-9393-C2AE37FA7D5E}.Release|Any CPU.Build.0 = Release|Any CPU
		{05991A0F-589A-422B-9393-C2AE37FA7D5E}.Release|x64.ActiveCfg = Release|Any CPU
		{05991A0F-589A-422B-9393-C2AE37FA7D5E}.Release|x64.Build.0 = Release|Any CPU
		{05991A0F-589A-422B-9393-C2AE37FA7D5E}.Release|x86.ActiveCfg = Release|Any CPU
		{05991A0F-589A-422B-9393-C2AE37FA7D5E}.Release|x86.Build.0 = Release|Any CPU
	EndGlobalSection
	GlobalSection(SolutionProperties) = preSolution
		HideSolutionNode = FALSE
	EndGlobalSection
	GlobalSection(NestedProjects) = preSolution
		{959DA961-515C-2AF9-5B2C-594145F24953} = {827E0CD3-B72D-47B6-A68D-7590B98EB39B}
		{82045D18-14F0-4AF3-9E39-48CEA8AE3445} = {959DA961-515C-2AF9-5B2C-594145F24953}
		{8D626EA8-CB54-BC41-363A-217881BEBA6E} = {827E0CD3-B72D-47B6-A68D-7590B98EB39B}
		{F3475D22-5137-48A1-83E7-0F497F78DB03} = {8D626EA8-CB54-BC41-363A-217881BEBA6E}
		{3E9C3776-17C9-28DE-3735-A8B9F121C183} = {827E0CD3-B72D-47B6-A68D-7590B98EB39B}
		{A0952C08-E34F-49D6-A5F2-4825FCA0D817} = {3E9C3776-17C9-28DE-3735-A8B9F121C183}
		{05991A0F-589A-422B-9393-C2AE37FA7D5E} = {3E9C3776-17C9-28DE-3735-A8B9F121C183}
	EndGlobalSection
EndGlobal
